
Microsoft Visual Studio Solution File, Format Version 12.00
# Visual Studio Version 17
VisualStudioVersion = 17.2.32526.322
MinimumVisualStudioVersion = 10.0.40219.1
Project("{FAE04EC0-301F-11D3-BF4B-00C04F79EFBC}") = "bookMyTickets", "bookMyTickets.csproj", "{35A81FF8-E0B0-4E6E-A547-3695B1544B88}"
EndProject
Global
	GlobalSection(SolutionConfigurationPlatforms) = preSolution
		Debug|Any CPU = Debug|Any CPU
		Release|Any CPU = Release|Any CPU
	EndGlobalSection
	GlobalSection(ProjectConfigurationPlatforms) = postSolution
		{35A81FF8-E0B0-4E6E-A547-3695B1544B88}.Debug|Any CPU.ActiveCfg = Debug|Any CPU
		{35A81FF8-E0B0-4E6E-A547-3695B1544B88}.Debug|Any CPU.Build.0 = Debug|Any CPU
		{35A81FF8-E0B0-4E6E-A547-3695B1544B88}.Release|Any CPU.ActiveCfg = Release|Any CPU
		{35A81FF8-E0B0-4E6E-A547-3695B1544B88}.Release|Any CPU.Build.0 = Release|Any CPU
	EndGlobalSection
	GlobalSection(SolutionProperties) = preSolution
		HideSolutionNode = FALSE
	EndGlobalSection
	GlobalSection(ExtensibilityGlobals) = postSolution
		SolutionGuid = {C91FBF5F-9FFA-45A6-B4D2-5508F8CC413B}
	EndGlobalSection
EndGlobal
